
Microsoft Visual Studio Solution File, Format Version 12.00
# Visual Studio Version 16
VisualStudioVersion = 16.0.29613.14
MinimumVisualStudioVersion = 10.0.40219.1
Project("{FAE04EC0-301F-11D3-BF4B-00C04F79EFBC}") = "WareHouse", "WareHouse\WareHouse.csproj", "{12DBD532-49AD-4625-AEF6-F5C5065C7A38}"
EndProject
Global
	GlobalSection(SolutionConfigurationPlatforms) = preSolution
		Debug|Any CPU = Debug|Any CPU
		Release|Any CPU = Release|Any CPU
	EndGlobalSection
	GlobalSection(ProjectConfigurationPlatforms) = postSolution
		{12DBD532-49AD-4625-AEF6-F5C5065C7A38}.Debug|Any CPU.ActiveCfg = Debug|Any CPU
		{12DBD532-49AD-4625-AEF6-F5C5065C7A38}.Debug|Any CPU.Build.0 = Debug|Any CPU
		{12DBD532-49AD-4625-AEF6-F5C5065C7A38}.Release|Any CPU.ActiveCfg = Release|Any CPU
		{12DBD532-49AD-4625-AEF6-F5C5065C7A38}.Release|Any CPU.Build.0 = Release|Any CPU
	EndGlobalSection
	GlobalSection(SolutionProperties) = preSolution
		HideSolutionNode = FALSE
	EndGlobalSection
	GlobalSection(ExtensibilityGlobals) = postSolution
		SolutionGuid = {21F1F794-6FC3-4AF5-BE43-F835C3CE0874}
	EndGlobalSection
EndGlobal
